{
  "name": "cloudificando",
  "version": "0.0.0",
  "lockfileVersion": 3,
  "requires": true,
  "packages": {
    "": {
      "name": "cloudificando",
      "version": "0.0.0",
      "dependencies": {
        "sst": "^3"
      },
      "devDependencies": {
        "@tsconfig/node20": "^20.1.4",
        "typescript": "5.6.2"
      }
    },
    "node_modules/@tsconfig/node20": {
      "version": "20.1.4",
      "dev": true,
      "license": "MIT"
    },
    "node_modules/aws4fetch": {
      "version": "1.0.20",
      "license": "MIT"
    },
    "node_modules/jose": {
      "version": "5.2.3",
      "license": "MIT",
      "funding": {
        "url": "https://github.com/sponsors/panva"
      }
    },
    "node_modules/lru-cache": {
      "version": "6.0.0",
      "license": "ISC",
      "dependencies": {
        "yallist": "^4.0.0"
      },
      "engines": {
        "node": ">=10"
      }
    },
    "node_modules/object-hash": {
      "version": "2.2.0",
      "license": "MIT",
      "engines": {
        "node": ">= 6"
      }
    },
    "node_modules/oidc-token-hash": {
      "version": "5.0.3",
      "license": "MIT",
      "engines": {
        "node": "^10.13.0 || >=12.0.0"
      }
    },
    "node_modules/openid-client": {
      "version": "5.6.4",
      "license": "MIT",
      "dependencies": {
        "jose": "^4.15.4",
        "lru-cache": "^6.0.0",
        "object-hash": "^2.2.0",
        "oidc-token-hash": "^5.0.3"
      },
      "funding": {
        "url": "https://github.com/sponsors/panva"
      }
    },
    "node_modules/openid-client/node_modules/jose": {
      "version": "4.15.9",
      "license": "MIT",
      "funding": {
        "url": "https://github.com/sponsors/panva"
      }
    },
    "node_modules/sst": {
      "version": "3.3.47",
      "dependencies": {
        "aws4fetch": "^1.0.18",
        "jose": "5.2.3",
        "openid-client": "5.6.4"
      },
      "bin": {
        "sst": "bin/sst.mjs"
      },
      "optionalDependencies": {
        "sst-darwin-arm64": "3.3.47",
        "sst-darwin-x64": "3.3.47",
        "sst-linux-arm64": "3.3.47",
        "sst-linux-x64": "3.3.47",
        "sst-linux-x86": "3.3.47"
      },
      "peerDependencies": {
        "hono": "4.x",
        "valibot": "0.30.x"
      },
      "peerDependenciesMeta": {
        "hono": {
          "optional": true
        },
        "valibot": {
          "optional": true
        }
      }
    },
    "node_modules/sst-linux-x64": {
      "version": "3.3.47",
      "cpu": [
        "x64"
      ],
      "optional": true,
      "os": [
        "linux"
      ]
    },
    "node_modules/typescript": {
      "version": "5.6.2",
      "dev": true,
      "license": "Apache-2.0",
      "bin": {
        "tsc": "bin/tsc",
        "tsserver": "bin/tsserver"
      },
      "engines": {
        "node": ">=14.17"
      }
    },
    "node_modules/yallist": {
      "version": "4.0.0",
      "license": "ISC"
    }
  }
}
